
Microsoft Visual Studio Solution File, Format Version 12.00
# Visual Studio 15
VisualStudioVersion = 15.0.27703.2035
MinimumVisualStudioVersion = 10.0.40219.1
Project("{9092AA53-FB77-4645-B42D-1CCCA6BD08BD}") = "TheBoard", "TheBoard\TheBoard.njsproj", "{1504C8D9-8A54-422A-BA09-54CB8FB09EDC}"
EndProject
Global
	GlobalSection(SolutionConfigurationPlatforms) = preSolution
		Debug|Any CPU = Debug|Any CPU
		Release|Any CPU = Release|Any CPU
	EndGlobalSection
	GlobalSection(ProjectConfigurationPlatforms) = postSolution
		{1504C8D9-8A54-422A-BA09-54CB8FB09EDC}.Debug|Any CPU.ActiveCfg = Debug|Any CPU
		{1504C8D9-8A54-422A-BA09-54CB8FB09EDC}.Debug|Any CPU.Build.0 = Debug|Any CPU
		{1504C8D9-8A54-422A-BA09-54CB8FB09EDC}.Release|Any CPU.ActiveCfg = Release|Any CPU
		{1504C8D9-8A54-422A-BA09-54CB8FB09EDC}.Release|Any CPU.Build.0 = Release|Any CPU
	EndGlobalSection
	GlobalSection(SolutionProperties) = preSolution
		HideSolutionNode = FALSE
	EndGlobalSection
	GlobalSection(ExtensibilityGlobals) = postSolution
		SolutionGuid = {6DBDC2EB-7657-44DA-B91B-F3FB8DA8F1A7}
	EndGlobalSection
EndGlobal
